
Microsoft Visual Studio Solution File, Format Version 11.00
# Visual Studio 2010
# SharpDevelop 4.4
Project("{FD48973F-F585-4F70-812B-4D0503B36CE9}") = "EXEHacker", "EXEHacker\EXEHacker.pyproj", "{F2DC6CE3-BA52-40DB-A7BB-5EAFE20ABC55}"
EndProject
Global
	GlobalSection(SolutionConfigurationPlatforms) = preSolution
		Debug|Any CPU = Debug|Any CPU
		Release|Any CPU = Release|Any CPU
	EndGlobalSection
	GlobalSection(ProjectConfigurationPlatforms) = postSolution
		{F2DC6CE3-BA52-40DB-A7BB-5EAFE20ABC55}.Debug|Any CPU.Build.0 = Debug|Any CPU
		{F2DC6CE3-BA52-40DB-A7BB-5EAFE20ABC55}.Debug|Any CPU.ActiveCfg = Debug|Any CPU
		{F2DC6CE3-BA52-40DB-A7BB-5EAFE20ABC55}.Release|Any CPU.Build.0 = Release|Any CPU
		{F2DC6CE3-BA52-40DB-A7BB-5EAFE20ABC55}.Release|Any CPU.ActiveCfg = Release|Any CPU
	EndGlobalSection
EndGlobal
